// !$*UTF8*$!
{
	archiveVersion = 1;
	classes = {
	};
	objectVersion = 77;
	objects = {

/* Begin PBXBuildFile section */
		DA18FA322EEC422300ECB782 /* Alamofire in Frameworks */ = {isa = PBXBuildFile; productRef = DA18FA312EEC422300ECB782 /* Alamofire */; };
		DAA5E94B2EED8EE800DCFFCE /* SDWebImage in Frameworks */ = {isa = PBXBuildFile; productRef = DAA5E94A2EED8EE800DCFFCE /* SDWebImage */; };
		DADC58A72EF0B7DA00A95562 /* Localizable.strings in Resources */ = {isa = PBXBuildFile; fileRef = DADC58A52EF0B7DA00A95562 /* Localizable.strings */; };
/* End PBXBuildFile section */

/* Begin PBXContainerItemProxy section */
		DA18FA132EEC3E7100ECB782 /* PBXContainerItemProxy */ = {
			isa = PBXContainerItemProxy;
			containerPortal = DA18F9F42EEC3E7000ECB782 /* Project object */;
			proxyType = 1;
			remoteGlobalIDString = DA18F9FB2EEC3E7000ECB782;
			remoteInfo = "kbtulife-front";
		};
		DA18FA1D2EEC3E7100ECB782 /* PBXContainerItemProxy */ = {
			isa = PBXContainerItemProxy;
			containerPortal = DA18F9F42EEC3E7000ECB782 /* Project object */;
			proxyType = 1;
			remoteGlobalIDString = DA18F9FB2EEC3E7000ECB782;
			remoteInfo = "kbtulife-front";
		};
/* End PBXContainerItemProxy section */

/* Begin PBXFileReference section */
		DA18F9FC2EEC3E7000ECB782 /* kbtulife-front.app */ = {isa = PBXFileReference; explicitFileType = wrapper.application; includeInIndex = 0; path = "kbtulife-front.app"; sourceTree = BUILT_PRODUCTS_DIR; };
		DA18FA122EEC3E7100ECB782 /* kbtulife-frontTests.xctest */ = {isa = PBXFileReference; explicitFileType = wrapper.cfbundle; includeInIndex = 0; path = "kbtulife-frontTests.xctest"; sourceTree = BUILT_PRODUCTS_DIR; };
		DA18FA1C2EEC3E7100ECB782 /* kbtulife-frontUITests.xctest */ = {isa = PBXFileReference; explicitFileType = wrapper.cfbundle; includeInIndex = 0; path = "kbtulife-frontUITests.xctest"; sourceTree = BUILT_PRODUCTS_DIR; };
		DADC58A62EF0B7DA00A95562 /* en */ = {isa = PBXFileReference; lastKnownFileType = text.plist.strings; name = en; path = en.lproj/Localizable.strings; sourceTree = "<group>"; };
		DADC58A82EF0B82500A95562 /* kk */ = {isa = PBXFileReference; lastKnownFileType = text.plist.strings; name = kk; path = kk.lproj/Localizable.strings; sourceTree = "<group>"; };
		DADC58A92EF0B82600A95562 /* ru */ = {isa = PBXFileReference; lastKnownFileType = text.plist.strings; name = ru; path = ru.lproj/Localizable.strings; sourceTree = "<group>"; };
/* End PBXFileReference section */

/* Begin PBXFileSystemSynchronizedBuildFileExceptionSet section */
		DA18FA242EEC3E7100ECB782 /* Exceptions for "kbtulife-front" folder in "kbtulife-front" target */ = {
			isa = PBXFileSystemSynchronizedBuildFileExceptionSet;
			membershipExceptions = (
				Info.plist,
			);
			target = DA18F9FB2EEC3E7000ECB782 /* kbtulife-front */;
		};
/* End PBXFileSystemSynchronizedBuildFileExceptionSet section */

/* Begin PBXFileSystemSynchronizedRootGroup section */
		DA18F9FE2EEC3E7000ECB782 /* kbtulife-front */ = {
			isa = PBXFileSystemSynchronizedRootGroup;
			exceptions = (
				DA18FA242EEC3E7100ECB782 /* Exceptions for "kbtulife-front" folder in "kbtulife-front" target */,
			);
			path = "kbtulife-front";
			sourceTree = "<group>";
		};
		DA18FA152EEC3E7100ECB782 /* kbtulife-frontTests */ = {
			isa = PBXFileSystemSynchronizedRootGroup;
			path = "kbtulife-frontTests";
			sourceTree = "<group>";
		};
		DA18FA1F2EEC3E7100ECB782 /* kbtulife-frontUITests */ = {
			isa = PBXFileSystemSynchronizedRootGroup;
			path = "kbtulife-frontUITests";
			sourceTree = "<group>";
		};
/* End PBXFileSystemSynchronizedRootGroup section */

/* Begin PBXFrameworksBuildPhase section */
		DA18F9F92EEC3E7000ECB782 /* Frameworks */ = {
			isa = PBXFrameworksBuildPhase;
			buildActionMask = 2147483647;
			files = (
				DAA5E94B2EED8EE800DCFFCE /* SDWebImage in Frameworks */,
				DA18FA322EEC422300ECB782 /* Alamofire in Frameworks */,
			);
			runOnlyForDeploymentPostprocessing = 0;
		};
		DA18FA0F2EEC3E7100ECB782 /* Frameworks */ = {
			isa = PBXFrameworksBuildPhase;
			buildActionMask = 2147483647;
			files = (
			);
			runOnlyForDeploymentPostprocessing = 0;
		};
		DA18FA192EEC3E7100ECB782 /* Frameworks */ = {
			isa = PBXFrameworksBuildPhase;
			buildActionMask = 2147483647;
			files = (
			);
			runOnlyForDeploymentPostprocessing = 0;
		};
/* End PBXFrameworksBuildPhase section */

/* Begin PBXGroup section */
		DA18F9F32EEC3E7000ECB782 = {
			isa = PBXGroup;
			children = (
				DADC58A52EF0B7DA00A95562 /* Localizable.strings */,
				DA18F9FE2EEC3E7000ECB782 /* kbtulife-front */,
				DA18FA152EEC3E7100ECB782 /* kbtulife-frontTests */,
				DA18FA1F2EEC3E7100ECB782 /* kbtulife-frontUITests */,
				DA18F9FD2EEC3E7000ECB782 /* Products */,
			);
			sourceTree = "<group>";
		};
		DA18F9FD2EEC3E7000ECB782 /* Products */ = {
			isa = PBXGroup;
			children = (
				DA18F9FC2EEC3E7000ECB782 /* kbtulife-front.app */,
				DA18FA122EEC3E7100ECB782 /* kbtulife-frontTests.xctest */,
				DA18FA1C2EEC3E7100ECB782 /* kbtulife-frontUITests.xctest */,
			);
			name = Products;
			sourceTree = "<group>";
		};
/* End PBXGroup section */

/* Begin PBXNativeTarget section */
		DA18F9FB2EEC3E7000ECB782 /* kbtulife-front */ = {
			isa = PBXNativeTarget;
			buildConfigurationList = DA18FA252EEC3E7100ECB782 /* Build configuration list for PBXNativeTarget "kbtulife-front" */;
			buildPhases = (
				DA18F9F82EEC3E7000ECB782 /* Sources */,
				DA18F9F92EEC3E7000ECB782 /* Frameworks */,
				DA18F9FA2EEC3E7000ECB782 /* Resources */,
			);
			buildRules = (
			);
			dependencies = (
			);
			fileSystemSynchronizedGroups = (
				DA18F9FE2EEC3E7000ECB782 /* kbtulife-front */,
			);
			name = "kbtulife-front";
			packageProductDependencies = (
				DA18FA312EEC422300ECB782 /* Alamofire */,
				DAA5E94A2EED8EE800DCFFCE /* SDWebImage */,
			);
			productName = "kbtulife-front";
			productReference = DA18F9FC2EEC3E7000ECB782 /* kbtulife-front.app */;
			productType = "com.apple.product-type.application";
		};
		DA18FA112EEC3E7100ECB782 /* kbtulife-frontTests */ = {
			isa = PBXNativeTarget;
			buildConfigurationList = DA18FA2A2EEC3E7100ECB782 /* Build configuration list for PBXNativeTarget "kbtulife-frontTests" */;
			buildPhases = (
				DA18FA0E2EEC3E7100ECB782 /* Sources */,
				DA18FA0F2EEC3E7100ECB782 /* Frameworks */,
				DA18FA102EEC3E7100ECB782 /* Resources */,
			);
			buildRules = (
			);
			dependencies = (
				DA18FA142EEC3E7100ECB782 /* PBXTargetDependency */,
			);
			fileSystemSynchronizedGroups = (
				DA18FA152EEC3E7100ECB782 /* kbtulife-frontTests */,
			);
			name = "kbtulife-frontTests";
			packageProductDependencies = (
			);
			productName = "kbtulife-frontTests";
			productReference = DA18FA122EEC3E7100ECB782 /* kbtulife-frontTests.xctest */;
			productType = "com.apple.product-type.bundle.unit-test";
		};
		DA18FA1B2EEC3E7100ECB782 /* kbtulife-frontUITests */ = {
			isa = PBXNativeTarget;
			buildConfigurationList = DA18FA2D2EEC3E7100ECB782 /* Build configuration list for PBXNativeTarget "kbtulife-frontUITests" */;
			buildPhases = (
				DA18FA182EEC3E7100ECB782 /* Sources */,
				DA18FA192EEC3E7100ECB782 /* Frameworks */,
				DA18FA1A2EEC3E7100ECB782 /* Resources */,
			);
			buildRules = (
			);
			dependencies = (
				DA18FA1E2EEC3E7100ECB782 /* PBXTargetDependency */,
			);
			fileSystemSynchronizedGroups = (
				DA18FA1F2EEC3E7100ECB782 /* kbtulife-frontUITests */,
			);
			name = "kbtulife-frontUITests";
			packageProductDependencies = (
			);
			productName = "kbtulife-frontUITests";
			productReference = DA18FA1C2EEC3E7100ECB782 /* kbtulife-frontUITests.xctest */;
			productType = "com.apple.product-type.bundle.ui-testing";
		};
/* End PBXNativeTarget section */

/* Begin PBXProject section */
		DA18F9F42EEC3E7000ECB782 /* Project object */ = {
			isa = PBXProject;
			attributes = {
				BuildIndependentTargetsInParallel = 1;
				LastSwiftUpdateCheck = 1620;
				LastUpgradeCheck = 1620;
				TargetAttributes = {
					DA18F9FB2EEC3E7000ECB782 = {
						CreatedOnToolsVersion = 16.2;
					};
					DA18FA112EEC3E7100ECB782 = {
						CreatedOnToolsVersion = 16.2;
						TestTargetID = DA18F9FB2EEC3E7000ECB782;
					};
					DA18FA1B2EEC3E7100ECB782 = {
						CreatedOnToolsVersion = 16.2;
						TestTargetID = DA18F9FB2EEC3E7000ECB782;
					};
				};
			};
			buildConfigurationList = DA18F9F72EEC3E7000ECB782 /* Build configuration list for PBXProject "kbtulife" */;
			developmentRegion = en;
			hasScannedForEncodings = 0;
			knownRegions = (
				en,
				Base,
				ru,
				kk,
			);
			mainGroup = DA18F9F32EEC3E7000ECB782;
			minimizedProjectReferenceProxies = 1;
			packageReferences = (
				DA18FA302EEC422300ECB782 /* XCRemoteSwiftPackageReference "Alamofire" */,
				DAA5E9042EED804500DCFFCE /* XCRemoteSwiftPackageReference "Kingfisher" */,
				DAA5E9492EED8EE800DCFFCE /* XCRemoteSwiftPackageReference "SDWebImage" */,
			);
			preferredProjectObjectVersion = 77;
			productRefGroup = DA18F9FD2EEC3E7000ECB782 /* Products */;
			projectDirPath = "";
			projectRoot = "";
			targets = (
				DA18F9FB2EEC3E7000ECB782 /* kbtulife-front */,
				DA18FA112EEC3E7100ECB782 /* kbtulife-frontTests */,
				DA18FA1B2EEC3E7100ECB782 /* kbtulife-frontUITests */,
			);
		};
/* End PBXProject section */

/* Begin PBXResourcesBuildPhase section */
		DA18F9FA2EEC3E7000ECB782 /* Resources */ = {
			isa = PBXResourcesBuildPhase;
			buildActionMask = 2147483647;
			files = (
				DADC58A72EF0B7DA00A95562 /* Localizable.strings in Resources */,
			);
			runOnlyForDeploymentPostprocessing = 0;
		};
		DA18FA102EEC3E7100ECB782 /* Resources */ = {
			isa = PBXResourcesBuildPhase;
			buildActionMask = 2147483647;
			files = (
			);
			runOnlyForDeploymentPostprocessing = 0;
		};
		DA18FA1A2EEC3E7100ECB782 /* Resources */ = {
			isa = PBXResourcesBuildPhase;
			buildActionMask = 2147483647;
			files = (
			);
			runOnlyForDeploymentPostprocessing = 0;
		};
/* End PBXResourcesBuildPhase section */

/* Begin PBXSourcesBuildPhase section */
		DA18F9F82EEC3E7000ECB782 /* Sources */ = {
			isa = PBXSourcesBuildPhase;
			buildActionMask = 2147483647;
			files = (
			);
			runOnlyForDeploymentPostprocessing = 0;
		};
		DA18FA0E2EEC3E7100ECB782 /* Sources */ = {
			isa = PBXSourcesBuildPhase;
			buildActionMask = 2147483647;
			files = (
			);
			runOnlyForDeploymentPostprocessing = 0;
		};
		DA18FA182EEC3E7100ECB782 /* Sources */ = {
			isa = PBXSourcesBuildPhase;
			buildActionMask = 2147483647;
			files = (
			);
			runOnlyForDeploymentPostprocessing = 0;
		};
/* End PBXSourcesBuildPhase section */

/* Begin PBXTargetDependency section */
		DA18FA142EEC3E7100ECB782 /* PBXTargetDependency */ = {
			isa = PBXTargetDependency;
			target = DA18F9FB2EEC3E7000ECB782 /* kbtulife-front */;
			targetProxy = DA18FA132EEC3E7100ECB782 /* PBXContainerItemProxy */;
		};
		DA18FA1E2EEC3E7100ECB782 /* PBXTargetDependency */ = {
			isa = PBXTargetDependency;
			target = DA18F9FB2EEC3E7000ECB782 /* kbtulife-front */;
			targetProxy = DA18FA1D2EEC3E7100ECB782 /* PBXContainerItemProxy */;
		};
/* End PBXTargetDependency section */

/* Begin PBXVariantGroup section */
		DADC58A52EF0B7DA00A95562 /* Localizable.strings */ = {
			isa = PBXVariantGroup;
			children = (
				DADC58A62EF0B7DA00A95562 /* en */,
				DADC58A82EF0B82500A95562 /* kk */,
				DADC58A92EF0B82600A95562 /* ru */,
			);
			name = Localizable.strings;
			sourceTree = "<group>";
		};
/* End PBXVariantGroup section */

/* Begin XCBuildConfiguration section */
		DA18FA262EEC3E7100ECB782 /* Debug */ = {
			isa = XCBuildConfiguration;
			buildSettings = {
				ASSETCATALOG_COMPILER_APPICON_NAME = AppIcon;
				ASSETCATALOG_COMPILER_GLOBAL_ACCENT_COLOR_NAME = AccentColor;
				CODE_SIGN_STYLE = Automatic;
				CURRENT_PROJECT_VERSION = 1;
				GENERATE_INFOPLIST_FILE = YES;
				INFOPLIST_FILE = "kbtulife-front/Info.plist";
				INFOPLIST_KEY_LSApplicationCategoryType = "";
				INFOPLIST_KEY_UIApplicationSupportsIndirectInputEvents = YES;
				INFOPLIST_KEY_UILaunchStoryboardName = LaunchScreen;
				INFOPLIST_KEY_UIMainStoryboardFile = Main;
				INFOPLIST_KEY_UISupportedInterfaceOrientations_iPad = "UIInterfaceOrientationPortrait UIInterfaceOrientationPortraitUpsideDown UIInterfaceOrientationLandscapeLeft UIInterfaceOrientationLandscapeRight";
				INFOPLIST_KEY_UISupportedInterfaceOrientations_iPhone = "UIInterfaceOrientationPortrait UIInterfaceOrientationLandscapeLeft UIInterfaceOrientationLandscapeRight";
				LD_RUNPATH_SEARCH_PATHS = (
					"$(inherited)",
					"@executable_path/Frameworks",
				);
				MARKETING_VERSION = 1.0;
				PRODUCT_BUNDLE_IDENTIFIER = "labs.kbtulife-front";
				PRODUCT_NAME = "$(TARGET_NAME)";
				SWIFT_EMIT_LOC_STRINGS = YES;
				SWIFT_VERSION = 5.0;
				TARGETED_DEVICE_FAMILY = "1,2";
			};
			name = Debug;
		};
		DA18FA272EEC3E7100ECB782 /* Release */ = {
			isa = XCBuildConfiguration;
			buildSettings = {
				ASSETCATALOG_COMPILER_APPICON_NAME = AppIcon;
				ASSETCATALOG_COMPILER_GLOBAL_ACCENT_COLOR_NAME = AccentColor;
				CODE_SIGN_STYLE = Automatic;
				CURRENT_PROJECT_VERSION = 1;
				GENERATE_INFOPLIST_FILE = YES;
				INFOPLIST_FILE = "kbtulife-front/Info.plist";
				INFOPLIST_KEY_LSApplicationCategoryType = "";
				INFOPLIST_KEY_UIApplicationSupportsIndirectInputEvents = YES;
				INFOPLIST_KEY_UILaunchStoryboardName = LaunchScreen;
				INFOPLIST_KEY_UIMainStoryboardFile = Main;
				INFOPLIST_KEY_UISupportedInterfaceOrientations_iPad = "UIInterfaceOrientationPortrait UIInterfaceOrientationPortraitUpsideDown UIInterfaceOrientationLandscapeLeft UIInterfaceOrientationLandscapeRight";
				INFOPLIST_KEY_UISupportedInterfaceOrientations_iPhone = "UIInterfaceOrientationPortrait UIInterfaceOrientationLandscapeLeft UIInterfaceOrientationLandscapeRight";
				LD_RUNPATH_SEARCH_PATHS = (
					"$(inherited)",
					"@executable_path/Frameworks",
				);
				MARKETING_VERSION = 1.0;
				PRODUCT_BUNDLE_IDENTIFIER = "labs.kbtulife-front";
				PRODUCT_NAME = "$(TARGET_NAME)";
				SWIFT_EMIT_LOC_STRINGS = YES;
				SWIFT_VERSION = 5.0;
				TARGETED_DEVICE_FAMILY = "1,2";
			};
			name = Release;
		};
		DA18FA282EEC3E7100ECB782 /* Debug */ = {
			isa = XCBuildConfiguration;
			buildSettings = {
				ALWAYS_SEARCH_USER_PATHS = NO;
				ASSETCATALOG_COMPILER_GENERATE_SWIFT_ASSET_SYMBOL_EXTENSIONS = YES;
				CLANG_ANALYZER_LOCALIZABILITY_NONLOCALIZED = YES;
				CLANG_ANALYZER_NONNULL = YES;
				CLANG_ANALYZER_NUMBER_OBJECT_CONVERSION = YES_AGGRESSIVE;
				CLANG_CXX_LANGUAGE_STANDARD = "gnu++20";
				CLANG_ENABLE_MODULES = YES;
				CLANG_ENABLE_OBJC_ARC = YES;
				CLANG_ENABLE_OBJC_WEAK = YES;
				CLANG_WARN_BLOCK_CAPTURE_AUTORELEASING = YES;
				CLANG_WARN_BOOL_CONVERSION = YES;
				CLANG_WARN_COMMA = YES;
				CLANG_WARN_CONSTANT_CONVERSION = YES;
				CLANG_WARN_DEPRECATED_OBJC_IMPLEMENTATIONS = YES;
				CLANG_WARN_DIRECT_OBJC_ISA_USAGE = YES_ERROR;
				CLANG_WARN_DOCUMENTATION_COMMENTS = YES;
				CLANG_WARN_EMPTY_BODY = YES;
				CLANG_WARN_ENUM_CONVERSION = YES;
				CLANG_WARN_INFINITE_RECURSION = YES;
				CLANG_WARN_INT_CONVERSION = YES;
				CLANG_WARN_NON_LITERAL_NULL_CONVERSION = YES;
				CLANG_WARN_OBJC_IMPLICIT_RETAIN_SELF = YES;
				CLANG_WARN_OBJC_LITERAL_CONVERSION = YES;
				CLANG_WARN_OBJC_ROOT_CLASS = YES_ERROR;
				CLANG_WARN_QUOTED_INCLUDE_IN_FRAMEWORK_HEADER = YES;
				CLANG_WARN_RANGE_LOOP_ANALYSIS = YES;
				CLANG_WARN_STRICT_PROTOTYPES = YES;
				CLANG_WARN_SUSPICIOUS_MOVE = YES;
				CLANG_WARN_UNGUARDED_AVAILABILITY = YES_AGGRESSIVE;
				CLANG_WARN_UNREACHABLE_CODE = YES;
				CLANG_WARN__DUPLICATE_METHOD_MATCH = YES;
				COPY_PHASE_STRIP = NO;
				DEBUG_INFORMATION_FORMAT = dwarf;
				ENABLE_STRICT_OBJC_MSGSEND = YES;
				ENABLE_TESTABILITY = YES;
				ENABLE_USER_SCRIPT_SANDBOXING = YES;
				GCC_C_LANGUAGE_STANDARD = gnu17;
				GCC_DYNAMIC_NO_PIC = NO;
				GCC_NO_COMMON_BLOCKS = YES;
				GCC_OPTIMIZATION_LEVEL = 0;
				GCC_PREPROCESSOR_DEFINITIONS = (
					"DEBUG=1",
					"$(inherited)",
				);
				GCC_WARN_64_TO_32_BIT_CONVERSION = YES;
				GCC_WARN_ABOUT_RETURN_TYPE = YES_ERROR;
				GCC_WARN_UNDECLARED_SELECTOR = YES;
				GCC_WARN_UNINITIALIZED_AUTOS = YES_AGGRESSIVE;
				GCC_WARN_UNUSED_FUNCTION = YES;
				GCC_WARN_UNUSED_VARIABLE = YES;
				IPHONEOS_DEPLOYMENT_TARGET = 18.2;
				LOCALIZATION_PREFERS_STRING_CATALOGS = YES;
				MTL_ENABLE_DEBUG_INFO = INCLUDE_SOURCE;
				MTL_FAST_MATH = YES;
				ONLY_ACTIVE_ARCH = YES;
				SDKROOT = iphoneos;
				SWIFT_ACTIVE_COMPILATION_CONDITIONS = "DEBUG $(inherited)";
				SWIFT_OPTIMIZATION_LEVEL = "-Onone";
			};
			name = Debug;
		};
		DA18FA292EEC3E7100ECB782 /* Release */ = {
			isa = XCBuildConfiguration;
			buildSettings = {
				ALWAYS_SEARCH_USER_PATHS = NO;
				ASSETCATALOG_COMPILER_GENERATE_SWIFT_ASSET_SYMBOL_EXTENSIONS = YES;
				CLANG_ANALYZER_LOCALIZABILITY_NONLOCALIZED = YES;
				CLANG_ANALYZER_NONNULL = YES;
				CLANG_ANALYZER_NUMBER_OBJECT_CONVERSION = YES_AGGRESSIVE;
				CLANG_CXX_LANGUAGE_STANDARD = "gnu++20";
				CLANG_ENABLE_MODULES = YES;
				CLANG_ENABLE_OBJC_ARC = YES;
				CLANG_ENABLE_OBJC_WEAK = YES;
				CLANG_WARN_BLOCK_CAPTURE_AUTORELEASING = YES;
				CLANG_WARN_BOOL_CONVERSION = YES;
				CLANG_WARN_COMMA = YES;
				CLANG_WARN_CONSTANT_CONVERSION = YES;
				CLANG_WARN_DEPRECATED_OBJC_IMPLEMENTATIONS = YES;
				CLANG_WARN_DIRECT_OBJC_ISA_USAGE = YES_ERROR;
				CLANG_WARN_DOCUMENTATION_COMMENTS = YES;
				CLANG_WARN_EMPTY_BODY = YES;
				CLANG_WARN_ENUM_CONVERSION = YES;
				CLANG_WARN_INFINITE_RECURSION = YES;
				CLANG_WARN_INT_CONVERSION = YES;
				CLANG_WARN_NON_LITERAL_NULL_CONVERSION = YES;
				CLANG_WARN_OBJC_IMPLICIT_RETAIN_SELF = YES;
				CLANG_WARN_OBJC_LITERAL_CONVERSION = YES;
				CLANG_WARN_OBJC_ROOT_CLASS = YES_ERROR;
				CLANG_WARN_QUOTED_INCLUDE_IN_FRAMEWORK_HEADER = YES;
				CLANG_WARN_RANGE_LOOP_ANALYSIS = YES;
				CLANG_WARN_STRICT_PROTOTYPES = YES;
				CLANG_WARN_SUSPICIOUS_MOVE = YES;
				CLANG_WARN_UNGUARDED_AVAILABILITY = YES_AGGRESSIVE;
				CLANG_WARN_UNREACHABLE_CODE = YES;
				CLANG_WARN__DUPLICATE_METHOD_MATCH = YES;
				COPY_PHASE_STRIP = NO;
				DEBUG_INFORMATION_FORMAT = "dwarf-with-dsym";
				ENABLE_NS_ASSERTIONS = NO;
				ENABLE_STRICT_OBJC_MSGSEND = YES;
				ENABLE_USER_SCRIPT_SANDBOXING = YES;
				GCC_C_LANGUAGE_STANDARD = gnu17;
				GCC_NO_COMMON_BLOCKS = YES;
				GCC_WARN_64_TO_32_BIT_CONVERSION = YES;
				GCC_WARN_ABOUT_RETURN_TYPE = YES_ERROR;
				GCC_WARN_UNDECLARED_SELECTOR = YES;
				GCC_WARN_UNINITIALIZED_AUTOS = YES_AGGRESSIVE;
				GCC_WARN_UNUSED_FUNCTION = YES;
				GCC_WARN_UNUSED_VARIABLE = YES;
				IPHONEOS_DEPLOYMENT_TARGET = 18.2;
				LOCALIZATION_PREFERS_STRING_CATALOGS = YES;
				MTL_ENABLE_DEBUG_INFO = NO;
				MTL_FAST_MATH = YES;
				SDKROOT = iphoneos;
				SWIFT_COMPILATION_MODE = wholemodule;
				VALIDATE_PRODUCT = YES;
			};
			name = Release;
		};
		DA18FA2B2EEC3E7100ECB782 /* Debug */ = {
			isa = XCBuildConfiguration;
			buildSettings = {
				BUNDLE_LOADER = "$(TEST_HOST)";
				CODE_SIGN_STYLE = Automatic;
				CURRENT_PROJECT_VERSION = 1;
				GENERATE_INFOPLIST_FILE = YES;
				IPHONEOS_DEPLOYMENT_TARGET = 18.2;
				MARKETING_VERSION = 1.0;
				PRODUCT_BUNDLE_IDENTIFIER = "labs.kbtulife-frontTests";
				PRODUCT_NAME = "$(TARGET_NAME)";
				SWIFT_EMIT_LOC_STRINGS = NO;
				SWIFT_VERSION = 5.0;
				TARGETED_DEVICE_FAMILY = "1,2";
				TEST_HOST = "$(BUILT_PRODUCTS_DIR)/kbtulife-front.app/$(BUNDLE_EXECUTABLE_FOLDER_PATH)/kbtulife-front";
			};
			name = Debug;
		};
		DA18FA2C2EEC3E7100ECB782 /* Release */ = {
			isa = XCBuildConfiguration;
			buildSettings = {
				BUNDLE_LOADER = "$(TEST_HOST)";
				CODE_SIGN_STYLE = Automatic;
				CURRENT_PROJECT_VERSION = 1;
				GENERATE_INFOPLIST_FILE = YES;
				IPHONEOS_DEPLOYMENT_TARGET = 18.2;
				MARKETING_VERSION = 1.0;
				PRODUCT_BUNDLE_IDENTIFIER = "labs.kbtulife-frontTests";
				PRODUCT_NAME = "$(TARGET_NAME)";
				SWIFT_EMIT_LOC_STRINGS = NO;
				SWIFT_VERSION = 5.0;
				TARGETED_DEVICE_FAMILY = "1,2";
				TEST_HOST = "$(BUILT_PRODUCTS_DIR)/kbtulife-front.app/$(BUNDLE_EXECUTABLE_FOLDER_PATH)/kbtulife-front";
			};
			name = Release;
		};
		DA18FA2E2EEC3E7100ECB782 /* Debug */ = {
			isa = XCBuildConfiguration;
			buildSettings = {
				CODE_SIGN_STYLE = Automatic;
				CURRENT_PROJECT_VERSION = 1;
				GENERATE_INFOPLIST_FILE = YES;
				MARKETING_VERSION = 1.0;
				PRODUCT_BUNDLE_IDENTIFIER = "labs.kbtulife-frontUITests";
				PRODUCT_NAME = "$(TARGET_NAME)";
				SWIFT_EMIT_LOC_STRINGS = NO;
				SWIFT_VERSION = 5.0;
				TARGETED_DEVICE_FAMILY = "1,2";
				TEST_TARGET_NAME = "kbtulife-front";
			};
			name = Debug;
		};
		DA18FA2F2EEC3E7100ECB782 /* Release */ = {
			isa = XCBuildConfiguration;
			buildSettings = {
				CODE_SIGN_STYLE = Automatic;
				CURRENT_PROJECT_VERSION = 1;
				GENERATE_INFOPLIST_FILE = YES;
				MARKETING_VERSION = 1.0;
				PRODUCT_BUNDLE_IDENTIFIER = "labs.kbtulife-frontUITests";
				PRODUCT_NAME = "$(TARGET_NAME)";
				SWIFT_EMIT_LOC_STRINGS = NO;
				SWIFT_VERSION = 5.0;
				TARGETED_DEVICE_FAMILY = "1,2";
				TEST_TARGET_NAME = "kbtulife-front";
			};
			name = Release;
		};
/* End XCBuildConfiguration section */

/* Begin XCConfigurationList section */
		DA18F9F72EEC3E7000ECB782 /* Build configuration list for PBXProject "kbtulife" */ = {
			isa = XCConfigurationList;
			buildConfigurations = (
				DA18FA282EEC3E7100ECB782 /* Debug */,
				DA18FA292EEC3E7100ECB782 /* Release */,
			);
			defaultConfigurationIsVisible = 0;
			defaultConfigurationName = Release;
		};
		DA18FA252EEC3E7100ECB782 /* Build configuration list for PBXNativeTarget "kbtulife-front" */ = {
			isa = XCConfigurationList;
			buildConfigurations = (
				DA18FA262EEC3E7100ECB782 /* Debug */,
				DA18FA272EEC3E7100ECB782 /* Release */,
			);
			defaultConfigurationIsVisible = 0;
			defaultConfigurationName = Release;
		};
		DA18FA2A2EEC3E7100ECB782 /* Build configuration list for PBXNativeTarget "kbtulife-frontTests" */ = {
			isa = XCConfigurationList;
			buildConfigurations = (
				DA18FA2B2EEC3E7100ECB782 /* Debug */,
				DA18FA2C2EEC3E7100ECB782 /* Release */,
			);
			defaultConfigurationIsVisible = 0;
			defaultConfigurationName = Release;
		};
		DA18FA2D2EEC3E7100ECB782 /* Build configuration list for PBXNativeTarget "kbtulife-frontUITests" */ = {
			isa = XCConfigurationList;
			buildConfigurations = (
				DA18FA2E2EEC3E7100ECB782 /* Debug */,
				DA18FA2F2EEC3E7100ECB782 /* Release */,
			);
			defaultConfigurationIsVisible = 0;
			defaultConfigurationName = Release;
		};
/* End XCConfigurationList section */

/* Begin XCRemoteSwiftPackageReference section */
		DA18FA302EEC422300ECB782 /* XCRemoteSwiftPackageReference "Alamofire" */ = {
			isa = XCRemoteSwiftPackageReference;
			repositoryURL = "https://github.com/Alamofire/Alamofire";
			requirement = {
				kind = upToNextMajorVersion;
				minimumVersion = 5.10.2;
			};
		};
		DAA5E9042EED804500DCFFCE /* XCRemoteSwiftPackageReference "Kingfisher" */ = {
			isa = XCRemoteSwiftPackageReference;
			repositoryURL = "https://github.com/onevcat/Kingfisher";
			requirement = {
				kind = upToNextMajorVersion;
				minimumVersion = 8.6.2;
			};
		};
		DAA5E9492EED8EE800DCFFCE /* XCRemoteSwiftPackageReference "SDWebImage" */ = {
			isa = XCRemoteSwiftPackageReference;
			repositoryURL = "https://github.com/SDWebImage/SDWebImage";
			requirement = {
				kind = upToNextMajorVersion;
				minimumVersion = 5.21.5;
			};
		};
/* End XCRemoteSwiftPackageReference section */

/* Begin XCSwiftPackageProductDependency section */
		DA18FA312EEC422300ECB782 /* Alamofire */ = {
			isa = XCSwiftPackageProductDependency;
			package = DA18FA302EEC422300ECB782 /* XCRemoteSwiftPackageReference "Alamofire" */;
			productName = Alamofire;
		};
		DAA5E94A2EED8EE800DCFFCE /* SDWebImage */ = {
			isa = XCSwiftPackageProductDependency;
			package = DAA5E9492EED8EE800DCFFCE /* XCRemoteSwiftPackageReference "SDWebImage" */;
			productName = SDWebImage;
		};
/* End XCSwiftPackageProductDependency section */
	};
	rootObject = DA18F9F42EEC3E7000ECB782 /* Project object */;
}
